<Solution>
  <Folder Name="/src/">
    <Project Path="src/PowerPilot.Agents/PowerPilot.Agents.csproj" />
    <Project Path="src/PowerPilot.Core/PowerPilot.Core.csproj" />
    <Project Path="src/PowerPilot.Infrastructure/PowerPilot.Infrastructure.csproj" />
    <Project Path="src/PowerPilot.P1Reader/PowerPilot.P1Reader.csproj" />
    <Project Path="src/PowerPilot.Web/PowerPilot.Web.csproj" />
  </Folder>
  <Folder Name="/tests/">
    <Project Path="tests/PowerPilot.Tests/PowerPilot.Tests.csproj" />
  </Folder>
  <Project Path="src/PowerPilot.AppHost/PowerPilot.AppHost.csproj" Id="e2af6587-11ef-41a8-a62d-371fe9b64bf3" />
  <Project Path="src/PowerPilot.ServiceDefaults/PowerPilot.ServiceDefaults.csproj" />
</Solution>
